<?xml version="1.0" encoding="utf-8"?>
<Project ToolsVersion="4.0" xmlns="http://schemas.microsoft.com/developer/msbuild/2003">
  <ItemGroup>
    <Filter Include="소스 파일">
      <UniqueIdentifier>{4FC737F1-C7A5-4376-A066-2A32D752A2FF}</UniqueIdentifier>
      <Extensions>cpp;c;cc;cxx;c++;cppm;ixx;def;odl;idl;hpj;bat;asm;asmx</Extensions>
    </Filter>
    <Filter Include="헤더 파일">
      <UniqueIdentifier>{93995380-89BD-4b04-88EB-625FBE52EBFB}</UniqueIdentifier>
      <Extensions>h;hh;hpp;hxx;h++;hm;inl;inc;ipp;xsd</Extensions>
    </Filter>
    <Filter Include="리소스 파일">
      <UniqueIdentifier>{67DA6AB6-F800-4c08-8B7A-83BB121AAD01}</UniqueIdentifier>
      <Extensions>rc;ico;cur;bmp;dlg;rc2;rct;bin;rgs;gif;jpg;jpeg;jpe;resx;tiff;tif;png;wav;mfcribbon-ms</Extensions>
    </Filter>
    <Filter Include="소스 파일\5_stack">
      <UniqueIdentifier>{1da5e914-de58-4d01-8bee-219f2eb81928}</UniqueIdentifier>
    </Filter>
    <Filter Include="소스 파일\6_queue">
      <UniqueIdentifier>{d26b8a61-2ab5-4d5e-a274-a8557af3f3db}</UniqueIdentifier>
    </Filter>
    <Filter Include="소스 파일\7_dequeue">
      <UniqueIdentifier>{12bd8bdc-ed06-44af-946c-40444db1269c}</UniqueIdentifier>
    </Filter>
    <Filter Include="소스 파일\9_BFS">
      <UniqueIdentifier>{5b7d5db8-5364-4108-8379-0defcf362d03}</UniqueIdentifier>
    </Filter>
    <Filter Include="소스 파일\3_배열">
      <UniqueIdentifier>{9c79045d-5037-4b2a-b412-e4f93054f0e3}</UniqueIdentifier>
    </Filter>
    <Filter Include="소스 파일\4_연결리스트">
      <UniqueIdentifier>{593ebc8b-fe6f-45de-bae4-da223b9d0097}</UniqueIdentifier>
    </Filter>
    <Filter Include="소스 파일\B_재귀">
      <UniqueIdentifier>{b1986ac0-c9f2-448f-a722-217feed4ef1c}</UniqueIdentifier>
    </Filter>
  </ItemGroup>
  <ItemGroup>
    <ClCompile Include="test.cpp">
      <Filter>소스 파일</Filter>
    </ClCompile>
    <ClCompile Include="queue_stl.cpp">
      <Filter>소스 파일\6_queue</Filter>
    </ClCompile>
    <ClCompile Include="queue_직접구현.cpp">
      <Filter>소스 파일\6_queue</Filter>
    </ClCompile>
    <ClCompile Include="18258.cpp">
      <Filter>소스 파일\6_queue</Filter>
    </ClCompile>
    <ClCompile Include="10845.cpp">
      <Filter>소스 파일\6_queue</Filter>
    </ClCompile>
    <ClCompile Include="10773.cpp">
      <Filter>소스 파일\5_stack</Filter>
    </ClCompile>
    <ClCompile Include="2493.cpp">
      <Filter>소스 파일\5_stack</Filter>
    </ClCompile>
    <ClCompile Include="2164.cpp">
      <Filter>소스 파일\6_queue</Filter>
    </ClCompile>
    <ClCompile Include="1874_3.cpp">
      <Filter>소스 파일\5_stack</Filter>
    </ClCompile>
    <ClCompile Include="..\..\..\새 폴더\Algo_cpp\basic-algo\basic-algo\1874.cpp">
      <Filter>소스 파일\5_stack</Filter>
    </ClCompile>
    <ClCompile Include="..\..\..\새 폴더\Algo_cpp\basic-algo\basic-algo\1874_2.cpp">
      <Filter>소스 파일\5_stack</Filter>
    </ClCompile>
    <ClCompile Include="dequeue_구현.cpp">
      <Filter>소스 파일\7_dequeue</Filter>
    </ClCompile>
    <ClCompile Include="dequeue_stl.cpp">
      <Filter>소스 파일\7_dequeue</Filter>
    </ClCompile>
    <ClCompile Include="10866.cpp">
      <Filter>소스 파일\7_dequeue</Filter>
    </ClCompile>
    <ClCompile Include="bfs.cpp">
      <Filter>소스 파일\9_BFS</Filter>
    </ClCompile>
    <ClCompile Include="1926.cpp">
      <Filter>소스 파일\9_BFS</Filter>
    </ClCompile>
    <ClCompile Include="2178.cpp">
      <Filter>소스 파일\9_BFS</Filter>
    </ClCompile>
    <ClCompile Include="7576_시간초과.cpp">
      <Filter>소스 파일\9_BFS</Filter>
    </ClCompile>
    <ClCompile Include="7576.cpp">
      <Filter>소스 파일\9_BFS</Filter>
    </ClCompile>
    <ClCompile Include="array.cpp">
      <Filter>소스 파일\3_배열</Filter>
    </ClCompile>
    <ClCompile Include="vector.cpp">
      <Filter>소스 파일\3_배열</Filter>
    </ClCompile>
    <ClCompile Include="10808.cpp">
      <Filter>소스 파일\3_배열</Filter>
    </ClCompile>
    <ClCompile Include="전역과지역의배열.cpp">
      <Filter>소스 파일\3_배열</Filter>
    </ClCompile>
    <ClCompile Include="practice_make100.cpp">
      <Filter>소스 파일\3_배열</Filter>
    </ClCompile>
    <ClCompile Include="test_array.cpp">
      <Filter>소스 파일\3_배열</Filter>
    </ClCompile>
    <ClCompile Include="야매연결리스트.cpp">
      <Filter>소스 파일\4_연결리스트</Filter>
    </ClCompile>
    <ClCompile Include="list_stl.cpp">
      <Filter>소스 파일\4_연결리스트</Filter>
    </ClCompile>
    <ClCompile Include="1406.cpp">
      <Filter>소스 파일\4_연결리스트</Filter>
    </ClCompile>
    <ClCompile Include="1926_2.cpp">
      <Filter>소스 파일\9_BFS</Filter>
    </ClCompile>
    <ClCompile Include="2178_2.cpp">
      <Filter>소스 파일\9_BFS</Filter>
    </ClCompile>
    <ClCompile Include="7576_2.cpp">
      <Filter>소스 파일\9_BFS</Filter>
    </ClCompile>
    <ClCompile Include="4179.cpp">
      <Filter>소스 파일\9_BFS</Filter>
    </ClCompile>
    <ClCompile Include="1697.cpp">
      <Filter>소스 파일\9_BFS</Filter>
    </ClCompile>
    <ClCompile Include="1926_3.cpp">
      <Filter>소스 파일\9_BFS</Filter>
    </ClCompile>
    <ClCompile Include="2178_3.cpp">
      <Filter>소스 파일\9_BFS</Filter>
    </ClCompile>
    <ClCompile Include="2178_stack.cpp">
      <Filter>소스 파일\9_BFS</Filter>
    </ClCompile>
    <ClCompile Include="7576_3.cpp">
      <Filter>소스 파일\9_BFS</Filter>
    </ClCompile>
    <ClCompile Include="4179_2.cpp">
      <Filter>소스 파일\9_BFS</Filter>
    </ClCompile>
    <ClCompile Include="1697_2.cpp">
      <Filter>소스 파일\9_BFS</Filter>
    </ClCompile>
    <ClCompile Include="4179_3.cpp">
      <Filter>소스 파일\9_BFS</Filter>
    </ClCompile>
    <ClCompile Include="거듭제곱.cpp">
      <Filter>소스 파일\B_재귀</Filter>
    </ClCompile>
    <ClCompile Include="1629.cpp">
      <Filter>소스 파일\B_재귀</Filter>
    </ClCompile>
    <ClCompile Include="basic_n부터1까지출력.cpp">
      <Filter>소스 파일\B_재귀</Filter>
    </ClCompile>
    <ClCompile Include="basic_1부터n까지출력.cpp">
      <Filter>소스 파일\B_재귀</Filter>
    </ClCompile>
    <ClCompile Include="basic_1부터n까지더하기.cpp">
      <Filter>소스 파일\B_재귀</Filter>
    </ClCompile>
    <ClCompile Include="basic_피보나치.cpp">
      <Filter>소스 파일\B_재귀</Filter>
    </ClCompile>
  </ItemGroup>
  <ItemGroup>
    <Text Include="input.txt">
      <Filter>리소스 파일</Filter>
    </Text>
    <Text Include="output.txt">
      <Filter>리소스 파일</Filter>
    </Text>
    <Text Include="array.txt">
      <Filter>소스 파일\3_배열</Filter>
    </Text>
  </ItemGroup>
</Project>